
Microsoft Visual Studio Solution File, Format Version 12.00
# Visual Studio Version 17
VisualStudioVersion = 17.10.34607.79
MinimumVisualStudioVersion = 10.0.40219.1
Project("{FAE04EC0-301F-11D3-BF4B-00C04F79EFBC}") = "EDCMines", "EDCMines.csproj", "{AB098FA3-DA93-4939-B454-E4A143BDDA9B}"
EndProject
Global
	GlobalSection(SolutionConfigurationPlatforms) = preSolution
		Debug|Any CPU = Debug|Any CPU
		Release|Any CPU = Release|Any CPU
	EndGlobalSection
	GlobalSection(ProjectConfigurationPlatforms) = postSolution
		{AB098FA3-DA93-4939-B454-E4A143BDDA9B}.Debug|Any CPU.ActiveCfg = Debug|Any CPU
		{AB098FA3-DA93-4939-B454-E4A143BDDA9B}.Debug|Any CPU.Build.0 = Debug|Any CPU
		{AB098FA3-DA93-4939-B454-E4A143BDDA9B}.Release|Any CPU.ActiveCfg = Release|Any CPU
		{AB098FA3-DA93-4939-B454-E4A143BDDA9B}.Release|Any CPU.Build.0 = Release|Any CPU
	EndGlobalSection
	GlobalSection(SolutionProperties) = preSolution
		HideSolutionNode = FALSE
	EndGlobalSection
	GlobalSection(ExtensibilityGlobals) = postSolution
		SolutionGuid = {FBD6338B-28C9-4BC6-B61E-FEBDB32E54AB}
	EndGlobalSection
EndGlobal
